
Microsoft Visual Studio Solution File, Format Version 12.00
# Visual Studio Version 16
VisualStudioVersion = 16.0.31112.23
MinimumVisualStudioVersion = 10.0.40219.1
Project("{FAE04EC0-301F-11D3-BF4B-00C04F79EFBC}") = "TheMazeAdventure.API", "TheMazeAdventure.API\TheMazeAdventure.API.csproj", "{CC85FD38-D645-4622-878A-56E0B6C303A7}"
EndProject
Project("{FAE04EC0-301F-11D3-BF4B-00C04F79EFBC}") = "TheMazeAdventure.Core", "TheMazeAdventure.Core\TheMazeAdventure.Core.csproj", "{3FC32FE2-291D-444C-A342-32C4B7C97D5D}"
EndProject
Project("{FAE04EC0-301F-11D3-BF4B-00C04F79EFBC}") = "TheMazeAdventure.Services", "TheMazeAdventure.Services\TheMazeAdventure.Services.csproj", "{620CC1A4-06E7-4F9A-BC6A-7FBEA1285F7B}"
EndProject
Project("{FAE04EC0-301F-11D3-BF4B-00C04F79EFBC}") = "TheMazeAdventure.Persistence", "TheMazeAdventure.Persistence\TheMazeAdventure.Persistence.csproj", "{C5C84854-EF72-409F-95F6-63C65479B886}"
EndProject
Project("{FAE04EC0-301F-11D3-BF4B-00C04F79EFBC}") = "TheMazeAdventure.UnitTests", "TheMazeAdventure.UnitTests\TheMazeAdventure.UnitTests.csproj", "{18102CA9-C129-4DA3-9C6A-DA512B312E67}"
EndProject
Project("{FAE04EC0-301F-11D3-BF4B-00C04F79EFBC}") = "TheMazeAdventure.MazeIntegration", "TheMazeAdventure.MazeIntegration\TheMazeAdventure.MazeIntegration.csproj", "{6E148E8D-2E26-4221-A87F-D251274BF147}"
EndProject
Global
	GlobalSection(SolutionConfigurationPlatforms) = preSolution
		Debug|Any CPU = Debug|Any CPU
		Release|Any CPU = Release|Any CPU
	EndGlobalSection
	GlobalSection(ProjectConfigurationPlatforms) = postSolution
		{CC85FD38-D645-4622-878A-56E0B6C303A7}.Debug|Any CPU.ActiveCfg = Debug|Any CPU
		{CC85FD38-D645-4622-878A-56E0B6C303A7}.Debug|Any CPU.Build.0 = Debug|Any CPU
		{CC85FD38-D645-4622-878A-56E0B6C303A7}.Release|Any CPU.ActiveCfg = Release|Any CPU
		{CC85FD38-D645-4622-878A-56E0B6C303A7}.Release|Any CPU.Build.0 = Release|Any CPU
		{3FC32FE2-291D-444C-A342-32C4B7C97D5D}.Debug|Any CPU.ActiveCfg = Debug|Any CPU
		{3FC32FE2-291D-444C-A342-32C4B7C97D5D}.Debug|Any CPU.Build.0 = Debug|Any CPU
		{3FC32FE2-291D-444C-A342-32C4B7C97D5D}.Release|Any CPU.ActiveCfg = Release|Any CPU
		{3FC32FE2-291D-444C-A342-32C4B7C97D5D}.Release|Any CPU.Build.0 = Release|Any CPU
		{620CC1A4-06E7-4F9A-BC6A-7FBEA1285F7B}.Debug|Any CPU.ActiveCfg = Debug|Any CPU
		{620CC1A4-06E7-4F9A-BC6A-7FBEA1285F7B}.Debug|Any CPU.Build.0 = Debug|Any CPU
		{620CC1A4-06E7-4F9A-BC6A-7FBEA1285F7B}.Release|Any CPU.ActiveCfg = Release|Any CPU
		{620CC1A4-06E7-4F9A-BC6A-7FBEA1285F7B}.Release|Any CPU.Build.0 = Release|Any CPU
		{C5C84854-EF72-409F-95F6-63C65479B886}.Debug|Any CPU.ActiveCfg = Debug|Any CPU
		{C5C84854-EF72-409F-95F6-63C65479B886}.Debug|Any CPU.Build.0 = Debug|Any CPU
		{C5C84854-EF72-409F-95F6-63C65479B886}.Release|Any CPU.ActiveCfg = Release|Any CPU
		{C5C84854-EF72-409F-95F6-63C65479B886}.Release|Any CPU.Build.0 = Release|Any CPU
		{18102CA9-C129-4DA3-9C6A-DA512B312E67}.Debug|Any CPU.ActiveCfg = Debug|Any CPU
		{18102CA9-C129-4DA3-9C6A-DA512B312E67}.Debug|Any CPU.Build.0 = Debug|Any CPU
		{18102CA9-C129-4DA3-9C6A-DA512B312E67}.Release|Any CPU.ActiveCfg = Release|Any CPU
		{18102CA9-C129-4DA3-9C6A-DA512B312E67}.Release|Any CPU.Build.0 = Release|Any CPU
		{6E148E8D-2E26-4221-A87F-D251274BF147}.Debug|Any CPU.ActiveCfg = Debug|Any CPU
		{6E148E8D-2E26-4221-A87F-D251274BF147}.Debug|Any CPU.Build.0 = Debug|Any CPU
		{6E148E8D-2E26-4221-A87F-D251274BF147}.Release|Any CPU.ActiveCfg = Release|Any CPU
		{6E148E8D-2E26-4221-A87F-D251274BF147}.Release|Any CPU.Build.0 = Release|Any CPU
	EndGlobalSection
	GlobalSection(SolutionProperties) = preSolution
		HideSolutionNode = FALSE
	EndGlobalSection
	GlobalSection(ExtensibilityGlobals) = postSolution
		SolutionGuid = {489F0502-DD39-4D8B-8F02-D0BA62F055C6}
	EndGlobalSection
EndGlobal
